{
  "name": "api",
  "version": "1.0.0",
  "lockfileVersion": 1,
  "requires": true,
  "dependencies": {
    "random-id": {
      "version": "1.0.4",
      "resolved": "https://registry.npmjs.org/random-id/-/random-id-1.0.4.tgz",
      "integrity": "sha512-78QU7sgk2uUsXDu5B/CV8R2ee6yAWDhJxvYPCLNXDD2EIdjb7vOLNXEm4S6//s++u4hAkH7umdq+usngpcTSeA=="
    }
  }
}
